// !$*UTF8*$!
{
	archiveVersion = 1;
	classes = {
	};
	objectVersion = 46;
	objects = {

/* Begin PBXBuildFile section */
		EB1193B71941AD0400A85A3F /* main.swift in Sources */ = {isa = PBXBuildFile; fileRef = EB1193B61941AD0400A85A3F /* main.swift */; };
		EB1193B91941AD0400A85A3F /* AppDelegate.swift in Sources */ = {isa = PBXBuildFile; fileRef = EB1193B81941AD0400A85A3F /* AppDelegate.swift */; };
		EB1193BB1941AD0400A85A3F /* GameScene.swift in Sources */ = {isa = PBXBuildFile; fileRef = EB1193BA1941AD0400A85A3F /* GameScene.swift */; };
		EB1193BF1941AD0400A85A3F /* Images.xcassets in Resources */ = {isa = PBXBuildFile; fileRef = EB1193BE1941AD0400A85A3F /* Images.xcassets */; };
		EB1193C21941AD0400A85A3F /* MainMenu.xib in Resources */ = {isa = PBXBuildFile; fileRef = EB1193C01941AD0400A85A3F /* MainMenu.xib */; };
		EB1193CE1941AD0400A85A3F /* TypoTests.swift in Sources */ = {isa = PBXBuildFile; fileRef = EB1193CD1941AD0400A85A3F /* TypoTests.swift */; };
		EB1193D91942727200A85A3F /* RandomNumberGenerator.swift in Sources */ = {isa = PBXBuildFile; fileRef = EB1193D81942727200A85A3F /* RandomNumberGenerator.swift */; };
		EB2748B4196B479D00F1E9D7 /* GameData.swift in Sources */ = {isa = PBXBuildFile; fileRef = EB2748B3196B479D00F1E9D7 /* GameData.swift */; };
		EB4490611A06DAC700A36093 /* CJProgressBar.swift in Sources */ = {isa = PBXBuildFile; fileRef = EB4490601A06DAC700A36093 /* CJProgressBar.swift */; };
		EB68CDCE1969FBE1007C2582 /* Levels.plist in Resources */ = {isa = PBXBuildFile; fileRef = EB68CDCD1969FBE1007C2582 /* Levels.plist */; };
		EBB6385919605CBA00641CD1 /* asteroid.atlas in Resources */ = {isa = PBXBuildFile; fileRef = EBB6384519605CBA00641CD1 /* asteroid.atlas */; };
		EBB6385A19605CBA00641CD1 /* asteroid_fire.sks in Resources */ = {isa = PBXBuildFile; fileRef = EBB6384619605CBA00641CD1 /* asteroid_fire.sks */; };
		EBB6386019605CBA00641CD1 /* SA-GroundG01.png in Resources */ = {isa = PBXBuildFile; fileRef = EBB6384D19605CBA00641CD1 /* SA-GroundG01.png */; };
		EBB6386119605CBA00641CD1 /* cecilharvey.atlas in Resources */ = {isa = PBXBuildFile; fileRef = EBB6384F19605CBA00641CD1 /* cecilharvey.atlas */; };
		EBB6386319605CBA00641CD1 /* kainhighwind.atlas in Resources */ = {isa = PBXBuildFile; fileRef = EBB6385119605CBA00641CD1 /* kainhighwind.atlas */; };
		EBB6386519605CBA00641CD1 /* bahamut.atlas in Resources */ = {isa = PBXBuildFile; fileRef = EBB6385419605CBA00641CD1 /* bahamut.atlas */; };
		EBB6386719605CBA00641CD1 /* ifrit.atlas in Resources */ = {isa = PBXBuildFile; fileRef = EBB6385619605CBA00641CD1 /* ifrit.atlas */; };
		EBB6386919605CBA00641CD1 /* spark.png in Resources */ = {isa = PBXBuildFile; fileRef = EBB6385819605CBA00641CD1 /* spark.png */; };
		EBB6386B19605E9B00641CD1 /* grass.atlas in Resources */ = {isa = PBXBuildFile; fileRef = EBB6386A19605E9B00641CD1 /* grass.atlas */; };
		EBB9FAF01A07636A0057BB83 /* Asteroid.swift in Sources */ = {isa = PBXBuildFile; fileRef = EBB9FAED1A07636A0057BB83 /* Asteroid.swift */; };
		EBB9FAF11A07636A0057BB83 /* SpaceScene.sks in Resources */ = {isa = PBXBuildFile; fileRef = EBB9FAEE1A07636A0057BB83 /* SpaceScene.sks */; };
		EBB9FAF21A07636A0057BB83 /* SpaceScene.swift in Sources */ = {isa = PBXBuildFile; fileRef = EBB9FAEF1A07636A0057BB83 /* SpaceScene.swift */; };
		EBB9FAF41A0763F00057BB83 /* CharacterImageFactory.swift in Sources */ = {isa = PBXBuildFile; fileRef = EBB9FAF31A0763F00057BB83 /* CharacterImageFactory.swift */; };
		EBB9FAF71A0764280057BB83 /* MonsterScene.sks in Resources */ = {isa = PBXBuildFile; fileRef = EBB9FAF51A0764280057BB83 /* MonsterScene.sks */; };
		EBB9FAF81A0764280057BB83 /* MonsterScene.swift in Sources */ = {isa = PBXBuildFile; fileRef = EBB9FAF61A0764280057BB83 /* MonsterScene.swift */; };
		EBFB14FB1961F9A000E5EC76 /* GroundNode.swift in Sources */ = {isa = PBXBuildFile; fileRef = EBFB14FA1961F9A000E5EC76 /* GroundNode.swift */; };
		EBFB14FF1962222F00E5EC76 /* GameObject.swift in Sources */ = {isa = PBXBuildFile; fileRef = EBFB14FE1962222F00E5EC76 /* GameObject.swift */; };
/* End PBXBuildFile section */

/* Begin PBXContainerItemProxy section */
		EB1193C81941AD0400A85A3F /* PBXContainerItemProxy */ = {
			isa = PBXContainerItemProxy;
			containerPortal = EB1193A91941AD0400A85A3F /* Project object */;
			proxyType = 1;
			remoteGlobalIDString = EB1193B01941AD0400A85A3F;
			remoteInfo = Typo;
		};
/* End PBXContainerItemProxy section */

/* Begin PBXFileReference section */
		EB1193B11941AD0400A85A3F /* Typo.app */ = {isa = PBXFileReference; explicitFileType = wrapper.application; includeInIndex = 0; path = Typo.app; sourceTree = BUILT_PRODUCTS_DIR; };
		EB1193B51941AD0400A85A3F /* Info.plist */ = {isa = PBXFileReference; lastKnownFileType = text.plist.xml; path = Info.plist; sourceTree = "<group>"; };
		EB1193B61941AD0400A85A3F /* main.swift */ = {isa = PBXFileReference; lastKnownFileType = sourcecode.swift; path = main.swift; sourceTree = "<group>"; };
		EB1193B81941AD0400A85A3F /* AppDelegate.swift */ = {isa = PBXFileReference; lastKnownFileType = sourcecode.swift; path = AppDelegate.swift; sourceTree = "<group>"; };
		EB1193BA1941AD0400A85A3F /* GameScene.swift */ = {isa = PBXFileReference; lastKnownFileType = sourcecode.swift; path = GameScene.swift; sourceTree = "<group>"; };
		EB1193BE1941AD0400A85A3F /* Images.xcassets */ = {isa = PBXFileReference; lastKnownFileType = folder.assetcatalog; path = Images.xcassets; sourceTree = "<group>"; };
		EB1193C11941AD0400A85A3F /* Base */ = {isa = PBXFileReference; lastKnownFileType = file.xib; name = Base; path = Base.lproj/MainMenu.xib; sourceTree = "<group>"; };
		EB1193C71941AD0400A85A3F /* TypoTests.xctest */ = {isa = PBXFileReference; explicitFileType = wrapper.cfbundle; includeInIndex = 0; path = TypoTests.xctest; sourceTree = BUILT_PRODUCTS_DIR; };
		EB1193CC1941AD0400A85A3F /* Info.plist */ = {isa = PBXFileReference; lastKnownFileType = text.plist.xml; path = Info.plist; sourceTree = "<group>"; };
		EB1193CD1941AD0400A85A3F /* TypoTests.swift */ = {isa = PBXFileReference; lastKnownFileType = sourcecode.swift; path = TypoTests.swift; sourceTree = "<group>"; };
		EB1193D81942727200A85A3F /* RandomNumberGenerator.swift */ = {isa = PBXFileReference; fileEncoding = 4; lastKnownFileType = sourcecode.swift; path = RandomNumberGenerator.swift; sourceTree = "<group>"; };
		EB2748B3196B479D00F1E9D7 /* GameData.swift */ = {isa = PBXFileReference; fileEncoding = 4; lastKnownFileType = sourcecode.swift; path = GameData.swift; sourceTree = "<group>"; };
		EB4490601A06DAC700A36093 /* CJProgressBar.swift */ = {isa = PBXFileReference; fileEncoding = 4; lastKnownFileType = sourcecode.swift; name = CJProgressBar.swift; path = ProgressBar/CJProgressBar.swift; sourceTree = "<group>"; };
		EB68CDCD1969FBE1007C2582 /* Levels.plist */ = {isa = PBXFileReference; fileEncoding = 4; lastKnownFileType = text.plist.xml; path = Levels.plist; sourceTree = "<group>"; };
		EBB6384519605CBA00641CD1 /* asteroid.atlas */ = {isa = PBXFileReference; lastKnownFileType = folder.skatlas; path = asteroid.atlas; sourceTree = "<group>"; };
		EBB6384619605CBA00641CD1 /* asteroid_fire.sks */ = {isa = PBXFileReference; lastKnownFileType = file.sks; path = asteroid_fire.sks; sourceTree = "<group>"; };
		EBB6384D19605CBA00641CD1 /* SA-GroundG01.png */ = {isa = PBXFileReference; lastKnownFileType = image.png; path = "SA-GroundG01.png"; sourceTree = "<group>"; };
		EBB6384F19605CBA00641CD1 /* cecilharvey.atlas */ = {isa = PBXFileReference; lastKnownFileType = folder.skatlas; path = cecilharvey.atlas; sourceTree = "<group>"; };
		EBB6385119605CBA00641CD1 /* kainhighwind.atlas */ = {isa = PBXFileReference; lastKnownFileType = folder.skatlas; path = kainhighwind.atlas; sourceTree = "<group>"; };
		EBB6385419605CBA00641CD1 /* bahamut.atlas */ = {isa = PBXFileReference; lastKnownFileType = folder.skatlas; path = bahamut.atlas; sourceTree = "<group>"; };
		EBB6385619605CBA00641CD1 /* ifrit.atlas */ = {isa = PBXFileReference; lastKnownFileType = folder.skatlas; path = ifrit.atlas; sourceTree = "<group>"; };
		EBB6385819605CBA00641CD1 /* spark.png */ = {isa = PBXFileReference; lastKnownFileType = image.png; path = spark.png; sourceTree = "<group>"; };
		EBB6386A19605E9B00641CD1 /* grass.atlas */ = {isa = PBXFileReference; lastKnownFileType = folder.skatlas; path = grass.atlas; sourceTree = "<group>"; };
		EBB9FAED1A07636A0057BB83 /* Asteroid.swift */ = {isa = PBXFileReference; fileEncoding = 4; lastKnownFileType = sourcecode.swift; name = Asteroid.swift; path = SpaceScene/Asteroid.swift; sourceTree = "<group>"; };
		EBB9FAEE1A07636A0057BB83 /* SpaceScene.sks */ = {isa = PBXFileReference; lastKnownFileType = file.sks; name = SpaceScene.sks; path = SpaceScene/SpaceScene.sks; sourceTree = "<group>"; };
		EBB9FAEF1A07636A0057BB83 /* SpaceScene.swift */ = {isa = PBXFileReference; fileEncoding = 4; lastKnownFileType = sourcecode.swift; name = SpaceScene.swift; path = SpaceScene/SpaceScene.swift; sourceTree = "<group>"; };
		EBB9FAF31A0763F00057BB83 /* CharacterImageFactory.swift */ = {isa = PBXFileReference; fileEncoding = 4; lastKnownFileType = sourcecode.swift; name = CharacterImageFactory.swift; path = SpaceScene/CharacterImageFactory.swift; sourceTree = "<group>"; };
		EBB9FAF51A0764280057BB83 /* MonsterScene.sks */ = {isa = PBXFileReference; lastKnownFileType = file.sks; name = MonsterScene.sks; path = BossScene/MonsterScene.sks; sourceTree = "<group>"; };
		EBB9FAF61A0764280057BB83 /* MonsterScene.swift */ = {isa = PBXFileReference; fileEncoding = 4; lastKnownFileType = sourcecode.swift; name = MonsterScene.swift; path = BossScene/MonsterScene.swift; sourceTree = "<group>"; };
		EBFB14FA1961F9A000E5EC76 /* GroundNode.swift */ = {isa = PBXFileReference; fileEncoding = 4; lastKnownFileType = sourcecode.swift; path = GroundNode.swift; sourceTree = "<group>"; };
		EBFB14FE1962222F00E5EC76 /* GameObject.swift */ = {isa = PBXFileReference; fileEncoding = 4; lastKnownFileType = sourcecode.swift; path = GameObject.swift; sourceTree = "<group>"; };
/* End PBXFileReference section */

/* Begin PBXFrameworksBuildPhase section */
		EB1193AE1941AD0400A85A3F /* Frameworks */ = {
			isa = PBXFrameworksBuildPhase;
			buildActionMask = 2147483647;
			files = (
			);
			runOnlyForDeploymentPostprocessing = 0;
		};
		EB1193C41941AD0400A85A3F /* Frameworks */ = {
			isa = PBXFrameworksBuildPhase;
			buildActionMask = 2147483647;
			files = (
			);
			runOnlyForDeploymentPostprocessing = 0;
		};
/* End PBXFrameworksBuildPhase section */

/* Begin PBXGroup section */
		EB1193A81941AD0400A85A3F = {
			isa = PBXGroup;
			children = (
				EB1193B31941AD0400A85A3F /* Typo */,
				EB1193CA1941AD0400A85A3F /* TypoTests */,
				EB1193B21941AD0400A85A3F /* Products */,
			);
			sourceTree = "<group>";
		};
		EB1193B21941AD0400A85A3F /* Products */ = {
			isa = PBXGroup;
			children = (
				EB1193B11941AD0400A85A3F /* Typo.app */,
				EB1193C71941AD0400A85A3F /* TypoTests.xctest */,
			);
			name = Products;
			sourceTree = "<group>";
		};
		EB1193B31941AD0400A85A3F /* Typo */ = {
			isa = PBXGroup;
			children = (
				EBB9FAEC1A07616A0057BB83 /* BossScene */,
				EBB9FAEB1A0761580057BB83 /* SpaceScene */,
				EB44905F1A06DA8500A36093 /* ProgressBar */,
				EBB6384419605CBA00641CD1 /* resources */,
				EB1193B81941AD0400A85A3F /* AppDelegate.swift */,
				EB1193BA1941AD0400A85A3F /* GameScene.swift */,
				EB1193D81942727200A85A3F /* RandomNumberGenerator.swift */,
				EB1193BE1941AD0400A85A3F /* Images.xcassets */,
				EB1193C01941AD0400A85A3F /* MainMenu.xib */,
				EB1193B41941AD0400A85A3F /* Supporting Files */,
				EBFB14FA1961F9A000E5EC76 /* GroundNode.swift */,
				EBFB14FE1962222F00E5EC76 /* GameObject.swift */,
				EB2748B3196B479D00F1E9D7 /* GameData.swift */,
			);
			path = Typo;
			sourceTree = "<group>";
		};
		EB1193B41941AD0400A85A3F /* Supporting Files */ = {
			isa = PBXGroup;
			children = (
				EB1193B51941AD0400A85A3F /* Info.plist */,
				EB1193B61941AD0400A85A3F /* main.swift */,
			);
			name = "Supporting Files";
			sourceTree = "<group>";
		};
		EB1193CA1941AD0400A85A3F /* TypoTests */ = {
			isa = PBXGroup;
			children = (
				EB1193CD1941AD0400A85A3F /* TypoTests.swift */,
				EB1193CB1941AD0400A85A3F /* Supporting Files */,
			);
			path = TypoTests;
			sourceTree = "<group>";
		};
		EB1193CB1941AD0400A85A3F /* Supporting Files */ = {
			isa = PBXGroup;
			children = (
				EB1193CC1941AD0400A85A3F /* Info.plist */,
			);
			name = "Supporting Files";
			sourceTree = "<group>";
		};
		EB44905F1A06DA8500A36093 /* ProgressBar */ = {
			isa = PBXGroup;
			children = (
				EB4490601A06DAC700A36093 /* CJProgressBar.swift */,
			);
			name = ProgressBar;
			sourceTree = "<group>";
		};
		EBB6384419605CBA00641CD1 /* resources */ = {
			isa = PBXGroup;
			children = (
				EBB6384519605CBA00641CD1 /* asteroid.atlas */,
				EBB6384619605CBA00641CD1 /* asteroid_fire.sks */,
				EBB6384719605CBA00641CD1 /* grass */,
				EBB6384E19605CBA00641CD1 /* hero */,
				EBB6385319605CBA00641CD1 /* monster */,
				EBB6385819605CBA00641CD1 /* spark.png */,
				EB68CDCD1969FBE1007C2582 /* Levels.plist */,
			);
			path = resources;
			sourceTree = "<group>";
		};
		EBB6384719605CBA00641CD1 /* grass */ = {
			isa = PBXGroup;
			children = (
				EBB6386A19605E9B00641CD1 /* grass.atlas */,
				EBB6384D19605CBA00641CD1 /* SA-GroundG01.png */,
			);
			path = grass;
			sourceTree = "<group>";
		};
		EBB6384E19605CBA00641CD1 /* hero */ = {
			isa = PBXGroup;
			children = (
				EBB6384F19605CBA00641CD1 /* cecilharvey.atlas */,
				EBB6385119605CBA00641CD1 /* kainhighwind.atlas */,
			);
			path = hero;
			sourceTree = "<group>";
		};
		EBB6385319605CBA00641CD1 /* monster */ = {
			isa = PBXGroup;
			children = (
				EBB6385419605CBA00641CD1 /* bahamut.atlas */,
				EBB6385619605CBA00641CD1 /* ifrit.atlas */,
			);
			path = monster;
			sourceTree = "<group>";
		};
		EBB9FAEB1A0761580057BB83 /* SpaceScene */ = {
			isa = PBXGroup;
			children = (
				EBB9FAF31A0763F00057BB83 /* CharacterImageFactory.swift */,
				EBB9FAED1A07636A0057BB83 /* Asteroid.swift */,
				EBB9FAEE1A07636A0057BB83 /* SpaceScene.sks */,
				EBB9FAEF1A07636A0057BB83 /* SpaceScene.swift */,
			);
			name = SpaceScene;
			sourceTree = "<group>";
		};
		EBB9FAEC1A07616A0057BB83 /* BossScene */ = {
			isa = PBXGroup;
			children = (
				EBB9FAF51A0764280057BB83 /* MonsterScene.sks */,
				EBB9FAF61A0764280057BB83 /* MonsterScene.swift */,
			);
			name = BossScene;
			sourceTree = "<group>";
		};
/* End PBXGroup section */

/* Begin PBXNativeTarget section */
		EB1193B01941AD0400A85A3F /* Typo */ = {
			isa = PBXNativeTarget;
			buildConfigurationList = EB1193D11941AD0400A85A3F /* Build configuration list for PBXNativeTarget "Typo" */;
			buildPhases = (
				EB1193AD1941AD0400A85A3F /* Sources */,
				EB1193AE1941AD0400A85A3F /* Frameworks */,
				EB1193AF1941AD0400A85A3F /* Resources */,
			);
			buildRules = (
			);
			dependencies = (
			);
			name = Typo;
			productName = Typo;
			productReference = EB1193B11941AD0400A85A3F /* Typo.app */;
			productType = "com.apple.product-type.application";
		};
		EB1193C61941AD0400A85A3F /* TypoTests */ = {
			isa = PBXNativeTarget;
			buildConfigurationList = EB1193D41941AD0400A85A3F /* Build configuration list for PBXNativeTarget "TypoTests" */;
			buildPhases = (
				EB1193C31941AD0400A85A3F /* Sources */,
				EB1193C41941AD0400A85A3F /* Frameworks */,
				EB1193C51941AD0400A85A3F /* Resources */,
			);
			buildRules = (
			);
			dependencies = (
				EB1193C91941AD0400A85A3F /* PBXTargetDependency */,
			);
			name = TypoTests;
			productName = TypoTests;
			productReference = EB1193C71941AD0400A85A3F /* TypoTests.xctest */;
			productType = "com.apple.product-type.bundle.unit-test";
		};
/* End PBXNativeTarget section */

/* Begin PBXProject section */
		EB1193A91941AD0400A85A3F /* Project object */ = {
			isa = PBXProject;
			attributes = {
				LastUpgradeCheck = 0600;
				ORGANIZATIONNAME = "Carl-Johan Svedin";
				TargetAttributes = {
					EB1193B01941AD0400A85A3F = {
						CreatedOnToolsVersion = 6.0;
					};
					EB1193C61941AD0400A85A3F = {
						CreatedOnToolsVersion = 6.0;
						TestTargetID = EB1193B01941AD0400A85A3F;
					};
				};
			};
			buildConfigurationList = EB1193AC1941AD0400A85A3F /* Build configuration list for PBXProject "Typo" */;
			compatibilityVersion = "Xcode 3.2";
			developmentRegion = English;
			hasScannedForEncodings = 0;
			knownRegions = (
				en,
				Base,
			);
			mainGroup = EB1193A81941AD0400A85A3F;
			productRefGroup = EB1193B21941AD0400A85A3F /* Products */;
			projectDirPath = "";
			projectRoot = "";
			targets = (
				EB1193B01941AD0400A85A3F /* Typo */,
				EB1193C61941AD0400A85A3F /* TypoTests */,
			);
		};
/* End PBXProject section */

/* Begin PBXResourcesBuildPhase section */
		EB1193AF1941AD0400A85A3F /* Resources */ = {
			isa = PBXResourcesBuildPhase;
			buildActionMask = 2147483647;
			files = (
				EBB6386719605CBA00641CD1 /* ifrit.atlas in Resources */,
				EBB6386319605CBA00641CD1 /* kainhighwind.atlas in Resources */,
				EBB9FAF11A07636A0057BB83 /* SpaceScene.sks in Resources */,
				EBB6385A19605CBA00641CD1 /* asteroid_fire.sks in Resources */,
				EBB6386B19605E9B00641CD1 /* grass.atlas in Resources */,
				EB1193BF1941AD0400A85A3F /* Images.xcassets in Resources */,
				EBB6386919605CBA00641CD1 /* spark.png in Resources */,
				EBB9FAF71A0764280057BB83 /* MonsterScene.sks in Resources */,
				EBB6386519605CBA00641CD1 /* bahamut.atlas in Resources */,
				EBB6386019605CBA00641CD1 /* SA-GroundG01.png in Resources */,
				EB1193C21941AD0400A85A3F /* MainMenu.xib in Resources */,
				EBB6385919605CBA00641CD1 /* asteroid.atlas in Resources */,
				EBB6386119605CBA00641CD1 /* cecilharvey.atlas in Resources */,
				EB68CDCE1969FBE1007C2582 /* Levels.plist in Resources */,
			);
			runOnlyForDeploymentPostprocessing = 0;
		};
		EB1193C51941AD0400A85A3F /* Resources */ = {
			isa = PBXResourcesBuildPhase;
			buildActionMask = 2147483647;
			files = (
			);
			runOnlyForDeploymentPostprocessing = 0;
		};
/* End PBXResourcesBuildPhase section */

/* Begin PBXSourcesBuildPhase section */
		EB1193AD1941AD0400A85A3F /* Sources */ = {
			isa = PBXSourcesBuildPhase;
			buildActionMask = 2147483647;
			files = (
				EB1193BB1941AD0400A85A3F /* GameScene.swift in Sources */,
				EBB9FAF41A0763F00057BB83 /* CharacterImageFactory.swift in Sources */,
				EBB9FAF21A07636A0057BB83 /* SpaceScene.swift in Sources */,
				EB2748B4196B479D00F1E9D7 /* GameData.swift in Sources */,
				EBFB14FF1962222F00E5EC76 /* GameObject.swift in Sources */,
				EBFB14FB1961F9A000E5EC76 /* GroundNode.swift in Sources */,
				EB4490611A06DAC700A36093 /* CJProgressBar.swift in Sources */,
				EB1193B91941AD0400A85A3F /* AppDelegate.swift in Sources */,
				EBB9FAF81A0764280057BB83 /* MonsterScene.swift in Sources */,
				EB1193B71941AD0400A85A3F /* main.swift in Sources */,
				EB1193D91942727200A85A3F /* RandomNumberGenerator.swift in Sources */,
				EBB9FAF01A07636A0057BB83 /* Asteroid.swift in Sources */,
			);
			runOnlyForDeploymentPostprocessing = 0;
		};
		EB1193C31941AD0400A85A3F /* Sources */ = {
			isa = PBXSourcesBuildPhase;
			buildActionMask = 2147483647;
			files = (
				EB1193CE1941AD0400A85A3F /* TypoTests.swift in Sources */,
			);
			runOnlyForDeploymentPostprocessing = 0;
		};
/* End PBXSourcesBuildPhase section */

/* Begin PBXTargetDependency section */
		EB1193C91941AD0400A85A3F /* PBXTargetDependency */ = {
			isa = PBXTargetDependency;
			target = EB1193B01941AD0400A85A3F /* Typo */;
			targetProxy = EB1193C81941AD0400A85A3F /* PBXContainerItemProxy */;
		};
/* End PBXTargetDependency section */

/* Begin PBXVariantGroup section */
		EB1193C01941AD0400A85A3F /* MainMenu.xib */ = {
			isa = PBXVariantGroup;
			children = (
				EB1193C11941AD0400A85A3F /* Base */,
			);
			name = MainMenu.xib;
			sourceTree = "<group>";
		};
/* End PBXVariantGroup section */

/* Begin XCBuildConfiguration section */
		EB1193CF1941AD0400A85A3F /* Debug */ = {
			isa = XCBuildConfiguration;
			buildSettings = {
				ALWAYS_SEARCH_USER_PATHS = NO;
				CLANG_CXX_LANGUAGE_STANDARD = "gnu++0x";
				CLANG_CXX_LIBRARY = "libc++";
				CLANG_ENABLE_MODULES = YES;
				CLANG_ENABLE_OBJC_ARC = YES;
				CLANG_WARN_BOOL_CONVERSION = YES;
				CLANG_WARN_CONSTANT_CONVERSION = YES;
				CLANG_WARN_DIRECT_OBJC_ISA_USAGE = YES_ERROR;
				CLANG_WARN_EMPTY_BODY = YES;
				CLANG_WARN_ENUM_CONVERSION = YES;
				CLANG_WARN_INT_CONVERSION = YES;
				CLANG_WARN_OBJC_ROOT_CLASS = YES_ERROR;
				CLANG_WARN_UNREACHABLE_CODE = YES;
				CLANG_WARN__DUPLICATE_METHOD_MATCH = YES;
				CODE_SIGN_IDENTITY = "-";
				COPY_PHASE_STRIP = NO;
				ENABLE_STRICT_OBJC_MSGSEND = YES;
				GCC_C_LANGUAGE_STANDARD = gnu99;
				GCC_DYNAMIC_NO_PIC = NO;
				GCC_OPTIMIZATION_LEVEL = 0;
				GCC_PREPROCESSOR_DEFINITIONS = (
					"DEBUG=1",
					"$(inherited)",
				);
				GCC_SYMBOLS_PRIVATE_EXTERN = NO;
				GCC_WARN_64_TO_32_BIT_CONVERSION = YES;
				GCC_WARN_ABOUT_RETURN_TYPE = YES_ERROR;
				GCC_WARN_UNDECLARED_SELECTOR = YES;
				GCC_WARN_UNINITIALIZED_AUTOS = YES_AGGRESSIVE;
				GCC_WARN_UNUSED_FUNCTION = YES;
				GCC_WARN_UNUSED_VARIABLE = YES;
				MACOSX_DEPLOYMENT_TARGET = 10.10;
				METAL_ENABLE_DEBUG_INFO = YES;
				ONLY_ACTIVE_ARCH = YES;
				SDKROOT = macosx;
				SWIFT_OPTIMIZATION_LEVEL = "-Onone";
			};
			name = Debug;
		};
		EB1193D01941AD0400A85A3F /* Release */ = {
			isa = XCBuildConfiguration;
			buildSettings = {
				ALWAYS_SEARCH_USER_PATHS = NO;
				CLANG_CXX_LANGUAGE_STANDARD = "gnu++0x";
				CLANG_CXX_LIBRARY = "libc++";
				CLANG_ENABLE_MODULES = YES;
				CLANG_ENABLE_OBJC_ARC = YES;
				CLANG_WARN_BOOL_CONVERSION = YES;
				CLANG_WARN_CONSTANT_CONVERSION = YES;
				CLANG_WARN_DIRECT_OBJC_ISA_USAGE = YES_ERROR;
				CLANG_WARN_EMPTY_BODY = YES;
				CLANG_WARN_ENUM_CONVERSION = YES;
				CLANG_WARN_INT_CONVERSION = YES;
				CLANG_WARN_OBJC_ROOT_CLASS = YES_ERROR;
				CLANG_WARN_UNREACHABLE_CODE = YES;
				CLANG_WARN__DUPLICATE_METHOD_MATCH = YES;
				CODE_SIGN_IDENTITY = "-";
				COPY_PHASE_STRIP = YES;
				DEBUG_INFORMATION_FORMAT = "dwarf-with-dsym";
				ENABLE_NS_ASSERTIONS = NO;
				ENABLE_STRICT_OBJC_MSGSEND = YES;
				GCC_C_LANGUAGE_STANDARD = gnu99;
				GCC_WARN_64_TO_32_BIT_CONVERSION = YES;
				GCC_WARN_ABOUT_RETURN_TYPE = YES_ERROR;
				GCC_WARN_UNDECLARED_SELECTOR = YES;
				GCC_WARN_UNINITIALIZED_AUTOS = YES_AGGRESSIVE;
				GCC_WARN_UNUSED_FUNCTION = YES;
				GCC_WARN_UNUSED_VARIABLE = YES;
				MACOSX_DEPLOYMENT_TARGET = 10.10;
				METAL_ENABLE_DEBUG_INFO = NO;
				SDKROOT = macosx;
			};
			name = Release;
		};
		EB1193D21941AD0400A85A3F /* Debug */ = {
			isa = XCBuildConfiguration;
			buildSettings = {
				ASSETCATALOG_COMPILER_APPICON_NAME = AppIcon;
				COMBINE_HIDPI_IMAGES = YES;
				INFOPLIST_FILE = Typo/Info.plist;
				LD_RUNPATH_SEARCH_PATHS = "$(inherited) @executable_path/../Frameworks";
				MACOSX_DEPLOYMENT_TARGET = 10.10;
				PRODUCT_NAME = "$(TARGET_NAME)";
			};
			name = Debug;
		};
		EB1193D31941AD0400A85A3F /* Release */ = {
			isa = XCBuildConfiguration;
			buildSettings = {
				ASSETCATALOG_COMPILER_APPICON_NAME = AppIcon;
				COMBINE_HIDPI_IMAGES = YES;
				INFOPLIST_FILE = Typo/Info.plist;
				LD_RUNPATH_SEARCH_PATHS = "$(inherited) @executable_path/../Frameworks";
				MACOSX_DEPLOYMENT_TARGET = 10.10;
				PRODUCT_NAME = "$(TARGET_NAME)";
			};
			name = Release;
		};
		EB1193D51941AD0400A85A3F /* Debug */ = {
			isa = XCBuildConfiguration;
			buildSettings = {
				BUNDLE_LOADER = "$(BUILT_PRODUCTS_DIR)/Typo.app/Contents/MacOS/Typo";
				COMBINE_HIDPI_IMAGES = YES;
				FRAMEWORK_SEARCH_PATHS = (
					"$(DEVELOPER_FRAMEWORKS_DIR)",
					"$(inherited)",
				);
				GCC_PREPROCESSOR_DEFINITIONS = (
					"DEBUG=1",
					"$(inherited)",
				);
				INFOPLIST_FILE = TypoTests/Info.plist;
				LD_RUNPATH_SEARCH_PATHS = "$(inherited) @executable_path/../Frameworks @loader_path/../Frameworks";
				METAL_ENABLE_DEBUG_INFO = YES;
				PRODUCT_NAME = "$(TARGET_NAME)";
				TEST_HOST = "$(BUNDLE_LOADER)";
			};
			name = Debug;
		};
		EB1193D61941AD0400A85A3F /* Release */ = {
			isa = XCBuildConfiguration;
			buildSettings = {
				BUNDLE_LOADER = "$(BUILT_PRODUCTS_DIR)/Typo.app/Contents/MacOS/Typo";
				COMBINE_HIDPI_IMAGES = YES;
				FRAMEWORK_SEARCH_PATHS = (
					"$(DEVELOPER_FRAMEWORKS_DIR)",
					"$(inherited)",
				);
				INFOPLIST_FILE = TypoTests/Info.plist;
				LD_RUNPATH_SEARCH_PATHS = "$(inherited) @executable_path/../Frameworks @loader_path/../Frameworks";
				METAL_ENABLE_DEBUG_INFO = NO;
				PRODUCT_NAME = "$(TARGET_NAME)";
				TEST_HOST = "$(BUNDLE_LOADER)";
			};
			name = Release;
		};
/* End XCBuildConfiguration section */

/* Begin XCConfigurationList section */
		EB1193AC1941AD0400A85A3F /* Build configuration list for PBXProject "Typo" */ = {
			isa = XCConfigurationList;
			buildConfigurations = (
				EB1193CF1941AD0400A85A3F /* Debug */,
				EB1193D01941AD0400A85A3F /* Release */,
			);
			defaultConfigurationIsVisible = 0;
			defaultConfigurationName = Release;
		};
		EB1193D11941AD0400A85A3F /* Build configuration list for PBXNativeTarget "Typo" */ = {
			isa = XCConfigurationList;
			buildConfigurations = (
				EB1193D21941AD0400A85A3F /* Debug */,
				EB1193D31941AD0400A85A3F /* Release */,
			);
			defaultConfigurationIsVisible = 0;
			defaultConfigurationName = Release;
		};
		EB1193D41941AD0400A85A3F /* Build configuration list for PBXNativeTarget "TypoTests" */ = {
			isa = XCConfigurationList;
			buildConfigurations = (
				EB1193D51941AD0400A85A3F /* Debug */,
				EB1193D61941AD0400A85A3F /* Release */,
			);
			defaultConfigurationIsVisible = 0;
			defaultConfigurationName = Release;
		};
/* End XCConfigurationList section */
	};
	rootObject = EB1193A91941AD0400A85A3F /* Project object */;
}
